// !$*UTF8*$!
{
	archiveVersion = 1;
	classes = {
	};
	objectVersion = 56;
	objects = {

/* Begin PBXBuildFile section */
		B91F1B182AA3DBF000D3A8E1 /* DLNode.swift in Sources */ = {isa = PBXBuildFile; fileRef = B91F1B172AA3DBF000D3A8E1 /* DLNode.swift */; };
		B91F1B1A2AA3DBFA00D3A8E1 /* DLList.swift in Sources */ = {isa = PBXBuildFile; fileRef = B91F1B192AA3DBFA00D3A8E1 /* DLList.swift */; };
		B9784AB42AA329C1006C99BD /* main.swift in Sources */ = {isa = PBXBuildFile; fileRef = B9784AB32AA329C1006C99BD /* main.swift */; };
		B9784ABB2AA32A02006C99BD /* SLNode.swift in Sources */ = {isa = PBXBuildFile; fileRef = B9784ABA2AA32A02006C99BD /* SLNode.swift */; };
		B9784ABD2AA32A6B006C99BD /* SLList.swift in Sources */ = {isa = PBXBuildFile; fileRef = B9784ABC2AA32A6B006C99BD /* SLList.swift */; };
/* End PBXBuildFile section */

/* Begin PBXCopyFilesBuildPhase section */
		B9784AAE2AA329C1006C99BD /* CopyFiles */ = {
			isa = PBXCopyFilesBuildPhase;
			buildActionMask = 2147483647;
			dstPath = /usr/share/man/man1/;
			dstSubfolderSpec = 0;
			files = (
			);
			runOnlyForDeploymentPostprocessing = 1;
		};
/* End PBXCopyFilesBuildPhase section */

/* Begin PBXFileReference section */
		B91F1B172AA3DBF000D3A8E1 /* DLNode.swift */ = {isa = PBXFileReference; lastKnownFileType = sourcecode.swift; path = DLNode.swift; sourceTree = "<group>"; };
		B91F1B192AA3DBFA00D3A8E1 /* DLList.swift */ = {isa = PBXFileReference; lastKnownFileType = sourcecode.swift; path = DLList.swift; sourceTree = "<group>"; };
		B9784AB02AA329C1006C99BD /* Linked Lists */ = {isa = PBXFileReference; explicitFileType = "compiled.mach-o.executable"; includeInIndex = 0; path = "Linked Lists"; sourceTree = BUILT_PRODUCTS_DIR; };
		B9784AB32AA329C1006C99BD /* main.swift */ = {isa = PBXFileReference; lastKnownFileType = sourcecode.swift; path = main.swift; sourceTree = "<group>"; };
		B9784ABA2AA32A02006C99BD /* SLNode.swift */ = {isa = PBXFileReference; lastKnownFileType = sourcecode.swift; path = SLNode.swift; sourceTree = "<group>"; };
		B9784ABC2AA32A6B006C99BD /* SLList.swift */ = {isa = PBXFileReference; lastKnownFileType = sourcecode.swift; path = SLList.swift; sourceTree = "<group>"; };
/* End PBXFileReference section */

/* Begin PBXFrameworksBuildPhase section */
		B9784AAD2AA329C1006C99BD /* Frameworks */ = {
			isa = PBXFrameworksBuildPhase;
			buildActionMask = 2147483647;
			files = (
			);
			runOnlyForDeploymentPostprocessing = 0;
		};
/* End PBXFrameworksBuildPhase section */

/* Begin PBXGroup section */
		B91F1B162AA3DBCE00D3A8E1 /* Doubly Linked List */ = {
			isa = PBXGroup;
			children = (
				B91F1B172AA3DBF000D3A8E1 /* DLNode.swift */,
				B91F1B192AA3DBFA00D3A8E1 /* DLList.swift */,
			);
			path = "Doubly Linked List";
			sourceTree = "<group>";
		};
		B9784AA72AA329C1006C99BD = {
			isa = PBXGroup;
			children = (
				B9784AB32AA329C1006C99BD /* main.swift */,
				B91F1B162AA3DBCE00D3A8E1 /* Doubly Linked List */,
				B9784AB22AA329C1006C99BD /* Linked Lists */,
				B9784AB12AA329C1006C99BD /* Products */,
			);
			sourceTree = "<group>";
		};
		B9784AB12AA329C1006C99BD /* Products */ = {
			isa = PBXGroup;
			children = (
				B9784AB02AA329C1006C99BD /* Linked Lists */,
			);
			name = Products;
			sourceTree = "<group>";
		};
		B9784AB22AA329C1006C99BD /* Linked Lists */ = {
			isa = PBXGroup;
			children = (
				B9784ABA2AA32A02006C99BD /* SLNode.swift */,
				B9784ABC2AA32A6B006C99BD /* SLList.swift */,
			);
			path = "Linked Lists";
			sourceTree = "<group>";
		};
/* End PBXGroup section */

/* Begin PBXNativeTarget section */
		B9784AAF2AA329C1006C99BD /* Linked Lists */ = {
			isa = PBXNativeTarget;
			buildConfigurationList = B9784AB72AA329C1006C99BD /* Build configuration list for PBXNativeTarget "Linked Lists" */;
			buildPhases = (
				B9784AAC2AA329C1006C99BD /* Sources */,
				B9784AAD2AA329C1006C99BD /* Frameworks */,
				B9784AAE2AA329C1006C99BD /* CopyFiles */,
			);
			buildRules = (
			);
			dependencies = (
			);
			name = "Linked Lists";
			productName = "Linked Lists";
			productReference = B9784AB02AA329C1006C99BD /* Linked Lists */;
			productType = "com.apple.product-type.tool";
		};
/* End PBXNativeTarget section */

/* Begin PBXProject section */
		B9784AA82AA329C1006C99BD /* Project object */ = {
			isa = PBXProject;
			attributes = {
				BuildIndependentTargetsInParallel = 1;
				LastSwiftUpdateCheck = 1430;
				LastUpgradeCheck = 1430;
				TargetAttributes = {
					B9784AAF2AA329C1006C99BD = {
						CreatedOnToolsVersion = 14.3.1;
					};
				};
			};
			buildConfigurationList = B9784AAB2AA329C1006C99BD /* Build configuration list for PBXProject "Linked Lists" */;
			compatibilityVersion = "Xcode 14.0";
			developmentRegion = en;
			hasScannedForEncodings = 0;
			knownRegions = (
				en,
				Base,
			);
			mainGroup = B9784AA72AA329C1006C99BD;
			productRefGroup = B9784AB12AA329C1006C99BD /* Products */;
			projectDirPath = "";
			projectRoot = "";
			targets = (
				B9784AAF2AA329C1006C99BD /* Linked Lists */,
			);
		};
/* End PBXProject section */

/* Begin PBXSourcesBuildPhase section */
		B9784AAC2AA329C1006C99BD /* Sources */ = {
			isa = PBXSourcesBuildPhase;
			buildActionMask = 2147483647;
			files = (
				B91F1B1A2AA3DBFA00D3A8E1 /* DLList.swift in Sources */,
				B9784ABB2AA32A02006C99BD /* SLNode.swift in Sources */,
				B91F1B182AA3DBF000D3A8E1 /* DLNode.swift in Sources */,
				B9784ABD2AA32A6B006C99BD /* SLList.swift in Sources */,
				B9784AB42AA329C1006C99BD /* main.swift in Sources */,
			);
			runOnlyForDeploymentPostprocessing = 0;
		};
/* End PBXSourcesBuildPhase section */

/* Begin XCBuildConfiguration section */
		B9784AB52AA329C1006C99BD /* Debug */ = {
			isa = XCBuildConfiguration;
			buildSettings = {
				ALWAYS_SEARCH_USER_PATHS = NO;
				CLANG_ANALYZER_NONNULL = YES;
				CLANG_ANALYZER_NUMBER_OBJECT_CONVERSION = YES_AGGRESSIVE;
				CLANG_CXX_LANGUAGE_STANDARD = "gnu++20";
				CLANG_ENABLE_MODULES = YES;
				CLANG_ENABLE_OBJC_ARC = YES;
				CLANG_ENABLE_OBJC_WEAK = YES;
				CLANG_WARN_BLOCK_CAPTURE_AUTORELEASING = YES;
				CLANG_WARN_BOOL_CONVERSION = YES;
				CLANG_WARN_COMMA = YES;
				CLANG_WARN_CONSTANT_CONVERSION = YES;
				CLANG_WARN_DEPRECATED_OBJC_IMPLEMENTATIONS = YES;
				CLANG_WARN_DIRECT_OBJC_ISA_USAGE = YES_ERROR;
				CLANG_WARN_DOCUMENTATION_COMMENTS = YES;
				CLANG_WARN_EMPTY_BODY = YES;
				CLANG_WARN_ENUM_CONVERSION = YES;
				CLANG_WARN_INFINITE_RECURSION = YES;
				CLANG_WARN_INT_CONVERSION = YES;
				CLANG_WARN_NON_LITERAL_NULL_CONVERSION = YES;
				CLANG_WARN_OBJC_IMPLICIT_RETAIN_SELF = YES;
				CLANG_WARN_OBJC_LITERAL_CONVERSION = YES;
				CLANG_WARN_OBJC_ROOT_CLASS = YES_ERROR;
				CLANG_WARN_QUOTED_INCLUDE_IN_FRAMEWORK_HEADER = YES;
				CLANG_WARN_RANGE_LOOP_ANALYSIS = YES;
				CLANG_WARN_STRICT_PROTOTYPES = YES;
				CLANG_WARN_SUSPICIOUS_MOVE = YES;
				CLANG_WARN_UNGUARDED_AVAILABILITY = YES_AGGRESSIVE;
				CLANG_WARN_UNREACHABLE_CODE = YES;
				CLANG_WARN__DUPLICATE_METHOD_MATCH = YES;
				COPY_PHASE_STRIP = NO;
				DEBUG_INFORMATION_FORMAT = dwarf;
				ENABLE_STRICT_OBJC_MSGSEND = YES;
				ENABLE_TESTABILITY = YES;
				GCC_C_LANGUAGE_STANDARD = gnu11;
				GCC_DYNAMIC_NO_PIC = NO;
				GCC_NO_COMMON_BLOCKS = YES;
				GCC_OPTIMIZATION_LEVEL = 0;
				GCC_PREPROCESSOR_DEFINITIONS = (
					"DEBUG=1",
					"$(inherited)",
				);
				GCC_WARN_64_TO_32_BIT_CONVERSION = YES;
				GCC_WARN_ABOUT_RETURN_TYPE = YES_ERROR;
				GCC_WARN_UNDECLARED_SELECTOR = YES;
				GCC_WARN_UNINITIALIZED_AUTOS = YES_AGGRESSIVE;
				GCC_WARN_UNUSED_FUNCTION = YES;
				GCC_WARN_UNUSED_VARIABLE = YES;
				MACOSX_DEPLOYMENT_TARGET = 13.3;
				MTL_ENABLE_DEBUG_INFO = INCLUDE_SOURCE;
				MTL_FAST_MATH = YES;
				ONLY_ACTIVE_ARCH = YES;
				SDKROOT = macosx;
				SWIFT_ACTIVE_COMPILATION_CONDITIONS = DEBUG;
				SWIFT_OPTIMIZATION_LEVEL = "-Onone";
			};
			name = Debug;
		};
		B9784AB62AA329C1006C99BD /* Release */ = {
			isa = XCBuildConfiguration;
			buildSettings = {
				ALWAYS_SEARCH_USER_PATHS = NO;
				CLANG_ANALYZER_NONNULL = YES;
				CLANG_ANALYZER_NUMBER_OBJECT_CONVERSION = YES_AGGRESSIVE;
				CLANG_CXX_LANGUAGE_STANDARD = "gnu++20";
				CLANG_ENABLE_MODULES = YES;
				CLANG_ENABLE_OBJC_ARC = YES;
				CLANG_ENABLE_OBJC_WEAK = YES;
				CLANG_WARN_BLOCK_CAPTURE_AUTORELEASING = YES;
				CLANG_WARN_BOOL_CONVERSION = YES;
				CLANG_WARN_COMMA = YES;
				CLANG_WARN_CONSTANT_CONVERSION = YES;
				CLANG_WARN_DEPRECATED_OBJC_IMPLEMENTATIONS = YES;
				CLANG_WARN_DIRECT_OBJC_ISA_USAGE = YES_ERROR;
				CLANG_WARN_DOCUMENTATION_COMMENTS = YES;
				CLANG_WARN_EMPTY_BODY = YES;
				CLANG_WARN_ENUM_CONVERSION = YES;
				CLANG_WARN_INFINITE_RECURSION = YES;
				CLANG_WARN_INT_CONVERSION = YES;
				CLANG_WARN_NON_LITERAL_NULL_CONVERSION = YES;
				CLANG_WARN_OBJC_IMPLICIT_RETAIN_SELF = YES;
				CLANG_WARN_OBJC_LITERAL_CONVERSION = YES;
				CLANG_WARN_OBJC_ROOT_CLASS = YES_ERROR;
				CLANG_WARN_QUOTED_INCLUDE_IN_FRAMEWORK_HEADER = YES;
				CLANG_WARN_RANGE_LOOP_ANALYSIS = YES;
				CLANG_WARN_STRICT_PROTOTYPES = YES;
				CLANG_WARN_SUSPICIOUS_MOVE = YES;
				CLANG_WARN_UNGUARDED_AVAILABILITY = YES_AGGRESSIVE;
				CLANG_WARN_UNREACHABLE_CODE = YES;
				CLANG_WARN__DUPLICATE_METHOD_MATCH = YES;
				COPY_PHASE_STRIP = NO;
				DEBUG_INFORMATION_FORMAT = "dwarf-with-dsym";
				ENABLE_NS_ASSERTIONS = NO;
				ENABLE_STRICT_OBJC_MSGSEND = YES;
				GCC_C_LANGUAGE_STANDARD = gnu11;
				GCC_NO_COMMON_BLOCKS = YES;
				GCC_WARN_64_TO_32_BIT_CONVERSION = YES;
				GCC_WARN_ABOUT_RETURN_TYPE = YES_ERROR;
				GCC_WARN_UNDECLARED_SELECTOR = YES;
				GCC_WARN_UNINITIALIZED_AUTOS = YES_AGGRESSIVE;
				GCC_WARN_UNUSED_FUNCTION = YES;
				GCC_WARN_UNUSED_VARIABLE = YES;
				MACOSX_DEPLOYMENT_TARGET = 13.3;
				MTL_ENABLE_DEBUG_INFO = NO;
				MTL_FAST_MATH = YES;
				SDKROOT = macosx;
				SWIFT_COMPILATION_MODE = wholemodule;
				SWIFT_OPTIMIZATION_LEVEL = "-O";
			};
			name = Release;
		};
		B9784AB82AA329C1006C99BD /* Debug */ = {
			isa = XCBuildConfiguration;
			buildSettings = {
				CODE_SIGN_STYLE = Automatic;
				DEVELOPMENT_TEAM = U5735ST68C;
				ENABLE_HARDENED_RUNTIME = YES;
				PRODUCT_NAME = "$(TARGET_NAME)";
				SWIFT_VERSION = 5.0;
			};
			name = Debug;
		};
		B9784AB92AA329C1006C99BD /* Release */ = {
			isa = XCBuildConfiguration;
			buildSettings = {
				CODE_SIGN_STYLE = Automatic;
				DEVELOPMENT_TEAM = U5735ST68C;
				ENABLE_HARDENED_RUNTIME = YES;
				PRODUCT_NAME = "$(TARGET_NAME)";
				SWIFT_VERSION = 5.0;
			};
			name = Release;
		};
/* End XCBuildConfiguration section */

/* Begin XCConfigurationList section */
		B9784AAB2AA329C1006C99BD /* Build configuration list for PBXProject "Linked Lists" */ = {
			isa = XCConfigurationList;
			buildConfigurations = (
				B9784AB52AA329C1006C99BD /* Debug */,
				B9784AB62AA329C1006C99BD /* Release */,
			);
			defaultConfigurationIsVisible = 0;
			defaultConfigurationName = Release;
		};
		B9784AB72AA329C1006C99BD /* Build configuration list for PBXNativeTarget "Linked Lists" */ = {
			isa = XCConfigurationList;
			buildConfigurations = (
				B9784AB82AA329C1006C99BD /* Debug */,
				B9784AB92AA329C1006C99BD /* Release */,
			);
			defaultConfigurationIsVisible = 0;
			defaultConfigurationName = Release;
		};
/* End XCConfigurationList section */
	};
	rootObject = B9784AA82AA329C1006C99BD /* Project object */;
}
